{
  "name": "mxgraph",
  "version": "3.9.7",
  "lockfileVersion": 1,
  "requires": true,
  "dependencies": {
    "js-treeview": {
      "version": "1.1.5",
      "resolved": "https://registry.npmjs.org/js-treeview/-/js-treeview-1.1.5.tgz",
      "integrity": "sha512-PtOfvElB7KZL4O0aO3z7UY38G7ReMN74Y1iRSZPsOfyS+YGtVrHVTst+rwIy96PGoWQ2/7wEUOjjpSeYUj7+mg=="
    }
  }
}
